// !$*UTF8*$!
{
	archiveVersion = 1;
	classes = {
	};
	objectVersion = 50;
	objects = {

/* Begin PBXBuildFile section */
		590B0EB522AEBEA20058798C /* StartGameViewController.swift in Sources */ = {isa = PBXBuildFile; fileRef = 590B0EB422AEBEA20058798C /* StartGameViewController.swift */; };
		59317C0A22B28C3C00A66A83 /* InvitationViewController.swift in Sources */ = {isa = PBXBuildFile; fileRef = 59317C0922B28C3C00A66A83 /* InvitationViewController.swift */; };
		594AEF3922B18F530090A1C7 /* CluesViewController.swift in Sources */ = {isa = PBXBuildFile; fileRef = 594AEF3822B18F530090A1C7 /* CluesViewController.swift */; };
		594E1E9B22B2E213002FDF20 /* CharacterItem.swift in Sources */ = {isa = PBXBuildFile; fileRef = 594E1E9A22B2E213002FDF20 /* CharacterItem.swift */; };
		596493C822B373B300AE0C69 /* SolutionViewController.swift in Sources */ = {isa = PBXBuildFile; fileRef = 596493C722B373B300AE0C69 /* SolutionViewController.swift */; };
		596AF0DE22B1017200BA6524 /* CharacterViewController.swift in Sources */ = {isa = PBXBuildFile; fileRef = 596AF0DD22B1017200BA6524 /* CharacterViewController.swift */; };
		596AF0E022B10FD900BA6524 /* MapViewController.swift in Sources */ = {isa = PBXBuildFile; fileRef = 596AF0DF22B10FD900BA6524 /* MapViewController.swift */; };
		596B140F22B1BC4000EACE45 /* Roboto-BoldItalic.ttf in Resources */ = {isa = PBXBuildFile; fileRef = 596B140322B1BC3E00EACE45 /* Roboto-BoldItalic.ttf */; };
		596B141022B1BC4000EACE45 /* Roboto-LightItalic.ttf in Resources */ = {isa = PBXBuildFile; fileRef = 596B140422B1BC3F00EACE45 /* Roboto-LightItalic.ttf */; };
		596B141122B1BC4000EACE45 /* Roboto-Regular.ttf in Resources */ = {isa = PBXBuildFile; fileRef = 596B140522B1BC3F00EACE45 /* Roboto-Regular.ttf */; };
		596B141222B1BC4000EACE45 /* Roboto-Black.ttf in Resources */ = {isa = PBXBuildFile; fileRef = 596B140622B1BC3F00EACE45 /* Roboto-Black.ttf */; };
		596B141322B1BC4000EACE45 /* Roboto-Italic.ttf in Resources */ = {isa = PBXBuildFile; fileRef = 596B140722B1BC3F00EACE45 /* Roboto-Italic.ttf */; };
		596B141422B1BC4000EACE45 /* Roboto-Bold.ttf in Resources */ = {isa = PBXBuildFile; fileRef = 596B140822B1BC3F00EACE45 /* Roboto-Bold.ttf */; };
		596B141522B1BC4000EACE45 /* Roboto-BlackItalic.ttf in Resources */ = {isa = PBXBuildFile; fileRef = 596B140922B1BC3F00EACE45 /* Roboto-BlackItalic.ttf */; };
		596B141622B1BC4000EACE45 /* Roboto-Light.ttf in Resources */ = {isa = PBXBuildFile; fileRef = 596B140A22B1BC3F00EACE45 /* Roboto-Light.ttf */; };
		596B141722B1BC4000EACE45 /* Roboto-Medium.ttf in Resources */ = {isa = PBXBuildFile; fileRef = 596B140B22B1BC3F00EACE45 /* Roboto-Medium.ttf */; };
		596B141822B1BC4000EACE45 /* Roboto-Thin.ttf in Resources */ = {isa = PBXBuildFile; fileRef = 596B140C22B1BC3F00EACE45 /* Roboto-Thin.ttf */; };
		596B141922B1BC4000EACE45 /* Roboto-MediumItalic.ttf in Resources */ = {isa = PBXBuildFile; fileRef = 596B140D22B1BC3F00EACE45 /* Roboto-MediumItalic.ttf */; };
		596B141A22B1BC4000EACE45 /* Roboto-ThinItalic.ttf in Resources */ = {isa = PBXBuildFile; fileRef = 596B140E22B1BC4000EACE45 /* Roboto-ThinItalic.ttf */; };
		596B141E22B1C3B500EACE45 /* Lobster_1_4.otf in Resources */ = {isa = PBXBuildFile; fileRef = 596B141D22B1C3B500EACE45 /* Lobster_1_4.otf */; };
		596B142022B1C67A00EACE45 /* FormViewController.swift in Sources */ = {isa = PBXBuildFile; fileRef = 596B141F22B1C67A00EACE45 /* FormViewController.swift */; };
		5982BE6F22B13846002E864F /* CarouselCollectionViewCell.swift in Sources */ = {isa = PBXBuildFile; fileRef = 5982BE6D22B13846002E864F /* CarouselCollectionViewCell.swift */; };
		5982BE7022B13846002E864F /* CarouselCollectionViewCell.xib in Resources */ = {isa = PBXBuildFile; fileRef = 5982BE6E22B13846002E864F /* CarouselCollectionViewCell.xib */; };
		59B574B522AD8B6900DC1BB4 /* AppDelegate.swift in Sources */ = {isa = PBXBuildFile; fileRef = 59B574B422AD8B6900DC1BB4 /* AppDelegate.swift */; };
		59B574B722AD8B6900DC1BB4 /* ViewController.swift in Sources */ = {isa = PBXBuildFile; fileRef = 59B574B622AD8B6900DC1BB4 /* ViewController.swift */; };
		59B574BA22AD8B6900DC1BB4 /* Main.storyboard in Resources */ = {isa = PBXBuildFile; fileRef = 59B574B822AD8B6900DC1BB4 /* Main.storyboard */; };
		59B574BC22AD8B6900DC1BB4 /* Assets.xcassets in Resources */ = {isa = PBXBuildFile; fileRef = 59B574BB22AD8B6900DC1BB4 /* Assets.xcassets */; };
		59B574BF22AD8B6900DC1BB4 /* LaunchScreen.storyboard in Resources */ = {isa = PBXBuildFile; fileRef = 59B574BD22AD8B6900DC1BB4 /* LaunchScreen.storyboard */; };
		59C58C6122B065F400931884 /* VerdachtenViewController.swift in Sources */ = {isa = PBXBuildFile; fileRef = 59C58C6022B065F400931884 /* VerdachtenViewController.swift */; };
		F10EF84DCAA394E0D6754BDF /* Pods_MysteryOpera.framework in Frameworks */ = {isa = PBXBuildFile; fileRef = 42390B512A1D331B0B2BFCBB /* Pods_MysteryOpera.framework */; };
/* End PBXBuildFile section */

/* Begin PBXFileReference section */
		42390B512A1D331B0B2BFCBB /* Pods_MysteryOpera.framework */ = {isa = PBXFileReference; explicitFileType = wrapper.framework; includeInIndex = 0; path = Pods_MysteryOpera.framework; sourceTree = BUILT_PRODUCTS_DIR; };
		590B0EB422AEBEA20058798C /* StartGameViewController.swift */ = {isa = PBXFileReference; lastKnownFileType = sourcecode.swift; path = StartGameViewController.swift; sourceTree = "<group>"; };
		59317C0922B28C3C00A66A83 /* InvitationViewController.swift */ = {isa = PBXFileReference; lastKnownFileType = sourcecode.swift; path = InvitationViewController.swift; sourceTree = "<group>"; };
		594AEF3822B18F530090A1C7 /* CluesViewController.swift */ = {isa = PBXFileReference; lastKnownFileType = sourcecode.swift; path = CluesViewController.swift; sourceTree = "<group>"; };
		594E1E9A22B2E213002FDF20 /* CharacterItem.swift */ = {isa = PBXFileReference; lastKnownFileType = sourcecode.swift; path = CharacterItem.swift; sourceTree = "<group>"; };
		596493C722B373B300AE0C69 /* SolutionViewController.swift */ = {isa = PBXFileReference; lastKnownFileType = sourcecode.swift; path = SolutionViewController.swift; sourceTree = "<group>"; };
		596AF0DD22B1017200BA6524 /* CharacterViewController.swift */ = {isa = PBXFileReference; lastKnownFileType = sourcecode.swift; path = CharacterViewController.swift; sourceTree = "<group>"; };
		596AF0DF22B10FD900BA6524 /* MapViewController.swift */ = {isa = PBXFileReference; lastKnownFileType = sourcecode.swift; path = MapViewController.swift; sourceTree = "<group>"; };
		596B140322B1BC3E00EACE45 /* Roboto-BoldItalic.ttf */ = {isa = PBXFileReference; lastKnownFileType = file; path = "Roboto-BoldItalic.ttf"; sourceTree = "<group>"; };
		596B140422B1BC3F00EACE45 /* Roboto-LightItalic.ttf */ = {isa = PBXFileReference; lastKnownFileType = file; path = "Roboto-LightItalic.ttf"; sourceTree = "<group>"; };
		596B140522B1BC3F00EACE45 /* Roboto-Regular.ttf */ = {isa = PBXFileReference; lastKnownFileType = file; path = "Roboto-Regular.ttf"; sourceTree = "<group>"; };
		596B140622B1BC3F00EACE45 /* Roboto-Black.ttf */ = {isa = PBXFileReference; lastKnownFileType = file; path = "Roboto-Black.ttf"; sourceTree = "<group>"; };
		596B140722B1BC3F00EACE45 /* Roboto-Italic.ttf */ = {isa = PBXFileReference; lastKnownFileType = file; path = "Roboto-Italic.ttf"; sourceTree = "<group>"; };
		596B140822B1BC3F00EACE45 /* Roboto-Bold.ttf */ = {isa = PBXFileReference; lastKnownFileType = file; path = "Roboto-Bold.ttf"; sourceTree = "<group>"; };
		596B140922B1BC3F00EACE45 /* Roboto-BlackItalic.ttf */ = {isa = PBXFileReference; lastKnownFileType = file; path = "Roboto-BlackItalic.ttf"; sourceTree = "<group>"; };
		596B140A22B1BC3F00EACE45 /* Roboto-Light.ttf */ = {isa = PBXFileReference; lastKnownFileType = file; path = "Roboto-Light.ttf"; sourceTree = "<group>"; };
		596B140B22B1BC3F00EACE45 /* Roboto-Medium.ttf */ = {isa = PBXFileReference; lastKnownFileType = file; path = "Roboto-Medium.ttf"; sourceTree = "<group>"; };
		596B140C22B1BC3F00EACE45 /* Roboto-Thin.ttf */ = {isa = PBXFileReference; lastKnownFileType = file; path = "Roboto-Thin.ttf"; sourceTree = "<group>"; };
		596B140D22B1BC3F00EACE45 /* Roboto-MediumItalic.ttf */ = {isa = PBXFileReference; lastKnownFileType = file; path = "Roboto-MediumItalic.ttf"; sourceTree = "<group>"; };
		596B140E22B1BC4000EACE45 /* Roboto-ThinItalic.ttf */ = {isa = PBXFileReference; lastKnownFileType = file; path = "Roboto-ThinItalic.ttf"; sourceTree = "<group>"; };
		596B141D22B1C3B500EACE45 /* Lobster_1_4.otf */ = {isa = PBXFileReference; lastKnownFileType = file; path = Lobster_1_4.otf; sourceTree = "<group>"; };
		596B141F22B1C67A00EACE45 /* FormViewController.swift */ = {isa = PBXFileReference; lastKnownFileType = sourcecode.swift; path = FormViewController.swift; sourceTree = "<group>"; };
		5982BE6D22B13846002E864F /* CarouselCollectionViewCell.swift */ = {isa = PBXFileReference; lastKnownFileType = sourcecode.swift; path = CarouselCollectionViewCell.swift; sourceTree = "<group>"; };
		5982BE6E22B13846002E864F /* CarouselCollectionViewCell.xib */ = {isa = PBXFileReference; lastKnownFileType = file.xib; path = CarouselCollectionViewCell.xib; sourceTree = "<group>"; };
		59B574B122AD8B6900DC1BB4 /* MysteryOpera.app */ = {isa = PBXFileReference; explicitFileType = wrapper.application; includeInIndex = 0; path = MysteryOpera.app; sourceTree = BUILT_PRODUCTS_DIR; };
		59B574B422AD8B6900DC1BB4 /* AppDelegate.swift */ = {isa = PBXFileReference; lastKnownFileType = sourcecode.swift; path = AppDelegate.swift; sourceTree = "<group>"; };
		59B574B622AD8B6900DC1BB4 /* ViewController.swift */ = {isa = PBXFileReference; lastKnownFileType = sourcecode.swift; path = ViewController.swift; sourceTree = "<group>"; };
		59B574B922AD8B6900DC1BB4 /* Base */ = {isa = PBXFileReference; lastKnownFileType = file.storyboard; name = Base; path = Base.lproj/Main.storyboard; sourceTree = "<group>"; };
		59B574BB22AD8B6900DC1BB4 /* Assets.xcassets */ = {isa = PBXFileReference; lastKnownFileType = folder.assetcatalog; path = Assets.xcassets; sourceTree = "<group>"; };
		59B574BE22AD8B6900DC1BB4 /* Base */ = {isa = PBXFileReference; lastKnownFileType = file.storyboard; name = Base; path = Base.lproj/LaunchScreen.storyboard; sourceTree = "<group>"; };
		59B574C022AD8B6900DC1BB4 /* Info.plist */ = {isa = PBXFileReference; lastKnownFileType = text.plist.xml; path = Info.plist; sourceTree = "<group>"; };
		59C58C6022B065F400931884 /* VerdachtenViewController.swift */ = {isa = PBXFileReference; lastKnownFileType = sourcecode.swift; path = VerdachtenViewController.swift; sourceTree = "<group>"; };
		85C8E60B57A340D9C5497BAD /* Pods-MysteryOpera.release.xcconfig */ = {isa = PBXFileReference; includeInIndex = 1; lastKnownFileType = text.xcconfig; name = "Pods-MysteryOpera.release.xcconfig"; path = "Target Support Files/Pods-MysteryOpera/Pods-MysteryOpera.release.xcconfig"; sourceTree = "<group>"; };
		96AF1BE8CF44E7BD072FA919 /* Pods-MysteryOpera.debug.xcconfig */ = {isa = PBXFileReference; includeInIndex = 1; lastKnownFileType = text.xcconfig; name = "Pods-MysteryOpera.debug.xcconfig"; path = "Target Support Files/Pods-MysteryOpera/Pods-MysteryOpera.debug.xcconfig"; sourceTree = "<group>"; };
/* End PBXFileReference section */

/* Begin PBXFrameworksBuildPhase section */
		59B574AE22AD8B6900DC1BB4 /* Frameworks */ = {
			isa = PBXFrameworksBuildPhase;
			buildActionMask = 2147483647;
			files = (
				F10EF84DCAA394E0D6754BDF /* Pods_MysteryOpera.framework in Frameworks */,
			);
			runOnlyForDeploymentPostprocessing = 0;
		};
/* End PBXFrameworksBuildPhase section */

/* Begin PBXGroup section */
		0A7C6623F8512CE1B872402C /* Frameworks */ = {
			isa = PBXGroup;
			children = (
				42390B512A1D331B0B2BFCBB /* Pods_MysteryOpera.framework */,
			);
			name = Frameworks;
			sourceTree = "<group>";
		};
		590B0EB022AEBE510058798C /* Model */ = {
			isa = PBXGroup;
			children = (
				59B574B422AD8B6900DC1BB4 /* AppDelegate.swift */,
				594E1E9A22B2E213002FDF20 /* CharacterItem.swift */,
			);
			name = Model;
			sourceTree = "<group>";
		};
		590B0EB122AEBE550058798C /* View */ = {
			isa = PBXGroup;
			children = (
				59B574B822AD8B6900DC1BB4 /* Main.storyboard */,
				59B574BB22AD8B6900DC1BB4 /* Assets.xcassets */,
				59B574BD22AD8B6900DC1BB4 /* LaunchScreen.storyboard */,
			);
			path = View;
			sourceTree = "<group>";
		};
		590B0EB222AEBE5B0058798C /* Controller */ = {
			isa = PBXGroup;
			children = (
				59B574B622AD8B6900DC1BB4 /* ViewController.swift */,
				596B141F22B1C67A00EACE45 /* FormViewController.swift */,
				596AF0DD22B1017200BA6524 /* CharacterViewController.swift */,
				59317C0922B28C3C00A66A83 /* InvitationViewController.swift */,
				590B0EB422AEBEA20058798C /* StartGameViewController.swift */,
				594AEF3822B18F530090A1C7 /* CluesViewController.swift */,
				596AF0DF22B10FD900BA6524 /* MapViewController.swift */,
				59C58C6022B065F400931884 /* VerdachtenViewController.swift */,
				5982BE6D22B13846002E864F /* CarouselCollectionViewCell.swift */,
				5982BE6E22B13846002E864F /* CarouselCollectionViewCell.xib */,
				596493C722B373B300AE0C69 /* SolutionViewController.swift */,
			);
			name = Controller;
			sourceTree = "<group>";
		};
		590B0EB322AEBE600058798C /* Support Files */ = {
			isa = PBXGroup;
			children = (
				59B574C022AD8B6900DC1BB4 /* Info.plist */,
			);
			path = "Support Files";
			sourceTree = "<group>";
		};
		596B140222B1BC1300EACE45 /* fonts */ = {
			isa = PBXGroup;
			children = (
				596B141D22B1C3B500EACE45 /* Lobster_1_4.otf */,
				596B140622B1BC3F00EACE45 /* Roboto-Black.ttf */,
				596B140922B1BC3F00EACE45 /* Roboto-BlackItalic.ttf */,
				596B140822B1BC3F00EACE45 /* Roboto-Bold.ttf */,
				596B140322B1BC3E00EACE45 /* Roboto-BoldItalic.ttf */,
				596B140722B1BC3F00EACE45 /* Roboto-Italic.ttf */,
				596B140A22B1BC3F00EACE45 /* Roboto-Light.ttf */,
				596B140422B1BC3F00EACE45 /* Roboto-LightItalic.ttf */,
				596B140B22B1BC3F00EACE45 /* Roboto-Medium.ttf */,
				596B140D22B1BC3F00EACE45 /* Roboto-MediumItalic.ttf */,
				596B140522B1BC3F00EACE45 /* Roboto-Regular.ttf */,
				596B140C22B1BC3F00EACE45 /* Roboto-Thin.ttf */,
				596B140E22B1BC4000EACE45 /* Roboto-ThinItalic.ttf */,
			);
			name = fonts;
			sourceTree = "<group>";
		};
		59B574A822AD8B6900DC1BB4 = {
			isa = PBXGroup;
			children = (
				59B574B322AD8B6900DC1BB4 /* MysteryOpera */,
				59B574B222AD8B6900DC1BB4 /* Products */,
				A761AB26F35CADC4E43A797D /* Pods */,
				0A7C6623F8512CE1B872402C /* Frameworks */,
			);
			sourceTree = "<group>";
		};
		59B574B222AD8B6900DC1BB4 /* Products */ = {
			isa = PBXGroup;
			children = (
				59B574B122AD8B6900DC1BB4 /* MysteryOpera.app */,
			);
			name = Products;
			sourceTree = "<group>";
		};
		59B574B322AD8B6900DC1BB4 /* MysteryOpera */ = {
			isa = PBXGroup;
			children = (
				596B140222B1BC1300EACE45 /* fonts */,
				590B0EB322AEBE600058798C /* Support Files */,
				590B0EB222AEBE5B0058798C /* Controller */,
				590B0EB122AEBE550058798C /* View */,
				590B0EB022AEBE510058798C /* Model */,
			);
			path = MysteryOpera;
			sourceTree = "<group>";
		};
		A761AB26F35CADC4E43A797D /* Pods */ = {
			isa = PBXGroup;
			children = (
				96AF1BE8CF44E7BD072FA919 /* Pods-MysteryOpera.debug.xcconfig */,
				85C8E60B57A340D9C5497BAD /* Pods-MysteryOpera.release.xcconfig */,
			);
			path = Pods;
			sourceTree = "<group>";
		};
/* End PBXGroup section */

/* Begin PBXNativeTarget section */
		59B574B022AD8B6900DC1BB4 /* MysteryOpera */ = {
			isa = PBXNativeTarget;
			buildConfigurationList = 59B574C322AD8B6900DC1BB4 /* Build configuration list for PBXNativeTarget "MysteryOpera" */;
			buildPhases = (
				0D78D8E69A874EA8E237CCC0 /* [CP] Check Pods Manifest.lock */,
				59B574AD22AD8B6900DC1BB4 /* Sources */,
				59B574AE22AD8B6900DC1BB4 /* Frameworks */,
				59B574AF22AD8B6900DC1BB4 /* Resources */,
				8CE15B761CAE4B1C32C92FF3 /* [CP] Embed Pods Frameworks */,
			);
			buildRules = (
			);
			dependencies = (
			);
			name = MysteryOpera;
			productName = MysteryOpera;
			productReference = 59B574B122AD8B6900DC1BB4 /* MysteryOpera.app */;
			productType = "com.apple.product-type.application";
		};
/* End PBXNativeTarget section */

/* Begin PBXProject section */
		59B574A922AD8B6900DC1BB4 /* Project object */ = {
			isa = PBXProject;
			attributes = {
				LastSwiftUpdateCheck = 1020;
				LastUpgradeCheck = 1020;
				ORGANIZATIONNAME = "Robbe Verhoest";
				TargetAttributes = {
					59B574B022AD8B6900DC1BB4 = {
						CreatedOnToolsVersion = 10.2.1;
					};
				};
			};
			buildConfigurationList = 59B574AC22AD8B6900DC1BB4 /* Build configuration list for PBXProject "MysteryOpera" */;
			compatibilityVersion = "Xcode 9.3";
			developmentRegion = en;
			hasScannedForEncodings = 0;
			knownRegions = (
				en,
				Base,
			);
			mainGroup = 59B574A822AD8B6900DC1BB4;
			productRefGroup = 59B574B222AD8B6900DC1BB4 /* Products */;
			projectDirPath = "";
			projectRoot = "";
			targets = (
				59B574B022AD8B6900DC1BB4 /* MysteryOpera */,
			);
		};
/* End PBXProject section */

/* Begin PBXResourcesBuildPhase section */
		59B574AF22AD8B6900DC1BB4 /* Resources */ = {
			isa = PBXResourcesBuildPhase;
			buildActionMask = 2147483647;
			files = (
				596B141822B1BC4000EACE45 /* Roboto-Thin.ttf in Resources */,
				596B141922B1BC4000EACE45 /* Roboto-MediumItalic.ttf in Resources */,
				596B141722B1BC4000EACE45 /* Roboto-Medium.ttf in Resources */,
				5982BE7022B13846002E864F /* CarouselCollectionViewCell.xib in Resources */,
				596B141322B1BC4000EACE45 /* Roboto-Italic.ttf in Resources */,
				596B141622B1BC4000EACE45 /* Roboto-Light.ttf in Resources */,
				596B141422B1BC4000EACE45 /* Roboto-Bold.ttf in Resources */,
				596B141122B1BC4000EACE45 /* Roboto-Regular.ttf in Resources */,
				596B141E22B1C3B500EACE45 /* Lobster_1_4.otf in Resources */,
				59B574BF22AD8B6900DC1BB4 /* LaunchScreen.storyboard in Resources */,
				596B141222B1BC4000EACE45 /* Roboto-Black.ttf in Resources */,
				596B141522B1BC4000EACE45 /* Roboto-BlackItalic.ttf in Resources */,
				596B141022B1BC4000EACE45 /* Roboto-LightItalic.ttf in Resources */,
				596B141A22B1BC4000EACE45 /* Roboto-ThinItalic.ttf in Resources */,
				59B574BC22AD8B6900DC1BB4 /* Assets.xcassets in Resources */,
				596B140F22B1BC4000EACE45 /* Roboto-BoldItalic.ttf in Resources */,
				59B574BA22AD8B6900DC1BB4 /* Main.storyboard in Resources */,
			);
			runOnlyForDeploymentPostprocessing = 0;
		};
/* End PBXResourcesBuildPhase section */

/* Begin PBXShellScriptBuildPhase section */
		0D78D8E69A874EA8E237CCC0 /* [CP] Check Pods Manifest.lock */ = {
			isa = PBXShellScriptBuildPhase;
			buildActionMask = 2147483647;
			files = (
			);
			inputFileListPaths = (
			);
			inputPaths = (
				"${PODS_PODFILE_DIR_PATH}/Podfile.lock",
				"${PODS_ROOT}/Manifest.lock",
			);
			name = "[CP] Check Pods Manifest.lock";
			outputFileListPaths = (
			);
			outputPaths = (
				"$(DERIVED_FILE_DIR)/Pods-MysteryOpera-checkManifestLockResult.txt",
			);
			runOnlyForDeploymentPostprocessing = 0;
			shellPath = /bin/sh;
			shellScript = "diff \"${PODS_PODFILE_DIR_PATH}/Podfile.lock\" \"${PODS_ROOT}/Manifest.lock\" > /dev/null\nif [ $? != 0 ] ; then\n    # print error to STDERR\n    echo \"error: The sandbox is not in sync with the Podfile.lock. Run 'pod install' or update your CocoaPods installation.\" >&2\n    exit 1\nfi\n# This output is used by Xcode 'outputs' to avoid re-running this script phase.\necho \"SUCCESS\" > \"${SCRIPT_OUTPUT_FILE_0}\"\n";
			showEnvVarsInLog = 0;
		};
		8CE15B761CAE4B1C32C92FF3 /* [CP] Embed Pods Frameworks */ = {
			isa = PBXShellScriptBuildPhase;
			buildActionMask = 2147483647;
			files = (
			);
			inputFileListPaths = (
			);
			inputPaths = (
				"${PODS_ROOT}/Target Support Files/Pods-MysteryOpera/Pods-MysteryOpera-frameworks.sh",
				"${BUILT_PRODUCTS_DIR}/Alamofire/Alamofire.framework",
				"${BUILT_PRODUCTS_DIR}/QRCodeReader.swift/QRCodeReader.framework",
				"${BUILT_PRODUCTS_DIR}/SwiftyJSON/SwiftyJSON.framework",
				"${BUILT_PRODUCTS_DIR}/UPCarouselFlowLayout/UPCarouselFlowLayout.framework",
			);
			name = "[CP] Embed Pods Frameworks";
			outputFileListPaths = (
			);
			outputPaths = (
				"${TARGET_BUILD_DIR}/${FRAMEWORKS_FOLDER_PATH}/Alamofire.framework",
				"${TARGET_BUILD_DIR}/${FRAMEWORKS_FOLDER_PATH}/QRCodeReader.framework",
				"${TARGET_BUILD_DIR}/${FRAMEWORKS_FOLDER_PATH}/SwiftyJSON.framework",
				"${TARGET_BUILD_DIR}/${FRAMEWORKS_FOLDER_PATH}/UPCarouselFlowLayout.framework",
			);
			runOnlyForDeploymentPostprocessing = 0;
			shellPath = /bin/sh;
			shellScript = "\"${PODS_ROOT}/Target Support Files/Pods-MysteryOpera/Pods-MysteryOpera-frameworks.sh\"\n";
			showEnvVarsInLog = 0;
		};
/* End PBXShellScriptBuildPhase section */

/* Begin PBXSourcesBuildPhase section */
		59B574AD22AD8B6900DC1BB4 /* Sources */ = {
			isa = PBXSourcesBuildPhase;
			buildActionMask = 2147483647;
			files = (
				596B142022B1C67A00EACE45 /* FormViewController.swift in Sources */,
				59317C0A22B28C3C00A66A83 /* InvitationViewController.swift in Sources */,
				5982BE6F22B13846002E864F /* CarouselCollectionViewCell.swift in Sources */,
				59C58C6122B065F400931884 /* VerdachtenViewController.swift in Sources */,
				596AF0E022B10FD900BA6524 /* MapViewController.swift in Sources */,
				596AF0DE22B1017200BA6524 /* CharacterViewController.swift in Sources */,
				59B574B722AD8B6900DC1BB4 /* ViewController.swift in Sources */,
				596493C822B373B300AE0C69 /* SolutionViewController.swift in Sources */,
				59B574B522AD8B6900DC1BB4 /* AppDelegate.swift in Sources */,
				590B0EB522AEBEA20058798C /* StartGameViewController.swift in Sources */,
				594AEF3922B18F530090A1C7 /* CluesViewController.swift in Sources */,
				594E1E9B22B2E213002FDF20 /* CharacterItem.swift in Sources */,
			);
			runOnlyForDeploymentPostprocessing = 0;
		};
/* End PBXSourcesBuildPhase section */

/* Begin PBXVariantGroup section */
		59B574B822AD8B6900DC1BB4 /* Main.storyboard */ = {
			isa = PBXVariantGroup;
			children = (
				59B574B922AD8B6900DC1BB4 /* Base */,
			);
			name = Main.storyboard;
			sourceTree = "<group>";
		};
		59B574BD22AD8B6900DC1BB4 /* LaunchScreen.storyboard */ = {
			isa = PBXVariantGroup;
			children = (
				59B574BE22AD8B6900DC1BB4 /* Base */,
			);
			name = LaunchScreen.storyboard;
			sourceTree = "<group>";
		};
/* End PBXVariantGroup section */

/* Begin XCBuildConfiguration section */
		59B574C122AD8B6900DC1BB4 /* Debug */ = {
			isa = XCBuildConfiguration;
			buildSettings = {
				ALWAYS_SEARCH_USER_PATHS = NO;
				CLANG_ANALYZER_NONNULL = YES;
				CLANG_ANALYZER_NUMBER_OBJECT_CONVERSION = YES_AGGRESSIVE;
				CLANG_CXX_LANGUAGE_STANDARD = "gnu++14";
				CLANG_CXX_LIBRARY = "libc++";
				CLANG_ENABLE_MODULES = YES;
				CLANG_ENABLE_OBJC_ARC = YES;
				CLANG_ENABLE_OBJC_WEAK = YES;
				CLANG_WARN_BLOCK_CAPTURE_AUTORELEASING = YES;
				CLANG_WARN_BOOL_CONVERSION = YES;
				CLANG_WARN_COMMA = YES;
				CLANG_WARN_CONSTANT_CONVERSION = YES;
				CLANG_WARN_DEPRECATED_OBJC_IMPLEMENTATIONS = YES;
				CLANG_WARN_DIRECT_OBJC_ISA_USAGE = YES_ERROR;
				CLANG_WARN_DOCUMENTATION_COMMENTS = YES;
				CLANG_WARN_EMPTY_BODY = YES;
				CLANG_WARN_ENUM_CONVERSION = YES;
				CLANG_WARN_INFINITE_RECURSION = YES;
				CLANG_WARN_INT_CONVERSION = YES;
				CLANG_WARN_NON_LITERAL_NULL_CONVERSION = YES;
				CLANG_WARN_OBJC_IMPLICIT_RETAIN_SELF = YES;
				CLANG_WARN_OBJC_LITERAL_CONVERSION = YES;
				CLANG_WARN_OBJC_ROOT_CLASS = YES_ERROR;
				CLANG_WARN_RANGE_LOOP_ANALYSIS = YES;
				CLANG_WARN_STRICT_PROTOTYPES = YES;
				CLANG_WARN_SUSPICIOUS_MOVE = YES;
				CLANG_WARN_UNGUARDED_AVAILABILITY = YES_AGGRESSIVE;
				CLANG_WARN_UNREACHABLE_CODE = YES;
				CLANG_WARN__DUPLICATE_METHOD_MATCH = YES;
				CODE_SIGN_IDENTITY = "iPhone Developer";
				COPY_PHASE_STRIP = NO;
				DEBUG_INFORMATION_FORMAT = dwarf;
				ENABLE_STRICT_OBJC_MSGSEND = YES;
				ENABLE_TESTABILITY = YES;
				GCC_C_LANGUAGE_STANDARD = gnu11;
				GCC_DYNAMIC_NO_PIC = NO;
				GCC_NO_COMMON_BLOCKS = YES;
				GCC_OPTIMIZATION_LEVEL = 0;
				GCC_PREPROCESSOR_DEFINITIONS = (
					"DEBUG=1",
					"$(inherited)",
				);
				GCC_WARN_64_TO_32_BIT_CONVERSION = YES;
				GCC_WARN_ABOUT_RETURN_TYPE = YES_ERROR;
				GCC_WARN_UNDECLARED_SELECTOR = YES;
				GCC_WARN_UNINITIALIZED_AUTOS = YES_AGGRESSIVE;
				GCC_WARN_UNUSED_FUNCTION = YES;
				GCC_WARN_UNUSED_VARIABLE = YES;
				IPHONEOS_DEPLOYMENT_TARGET = 12.2;
				MTL_ENABLE_DEBUG_INFO = INCLUDE_SOURCE;
				MTL_FAST_MATH = YES;
				ONLY_ACTIVE_ARCH = YES;
				SDKROOT = iphoneos;
				SWIFT_ACTIVE_COMPILATION_CONDITIONS = DEBUG;
				SWIFT_OPTIMIZATION_LEVEL = "-Onone";
			};
			name = Debug;
		};
		59B574C222AD8B6900DC1BB4 /* Release */ = {
			isa = XCBuildConfiguration;
			buildSettings = {
				ALWAYS_SEARCH_USER_PATHS = NO;
				CLANG_ANALYZER_NONNULL = YES;
				CLANG_ANALYZER_NUMBER_OBJECT_CONVERSION = YES_AGGRESSIVE;
				CLANG_CXX_LANGUAGE_STANDARD = "gnu++14";
				CLANG_CXX_LIBRARY = "libc++";
				CLANG_ENABLE_MODULES = YES;
				CLANG_ENABLE_OBJC_ARC = YES;
				CLANG_ENABLE_OBJC_WEAK = YES;
				CLANG_WARN_BLOCK_CAPTURE_AUTORELEASING = YES;
				CLANG_WARN_BOOL_CONVERSION = YES;
				CLANG_WARN_COMMA = YES;
				CLANG_WARN_CONSTANT_CONVERSION = YES;
				CLANG_WARN_DEPRECATED_OBJC_IMPLEMENTATIONS = YES;
				CLANG_WARN_DIRECT_OBJC_ISA_USAGE = YES_ERROR;
				CLANG_WARN_DOCUMENTATION_COMMENTS = YES;
				CLANG_WARN_EMPTY_BODY = YES;
				CLANG_WARN_ENUM_CONVERSION = YES;
				CLANG_WARN_INFINITE_RECURSION = YES;
				CLANG_WARN_INT_CONVERSION = YES;
				CLANG_WARN_NON_LITERAL_NULL_CONVERSION = YES;
				CLANG_WARN_OBJC_IMPLICIT_RETAIN_SELF = YES;
				CLANG_WARN_OBJC_LITERAL_CONVERSION = YES;
				CLANG_WARN_OBJC_ROOT_CLASS = YES_ERROR;
				CLANG_WARN_RANGE_LOOP_ANALYSIS = YES;
				CLANG_WARN_STRICT_PROTOTYPES = YES;
				CLANG_WARN_SUSPICIOUS_MOVE = YES;
				CLANG_WARN_UNGUARDED_AVAILABILITY = YES_AGGRESSIVE;
				CLANG_WARN_UNREACHABLE_CODE = YES;
				CLANG_WARN__DUPLICATE_METHOD_MATCH = YES;
				CODE_SIGN_IDENTITY = "iPhone Developer";
				COPY_PHASE_STRIP = NO;
				DEBUG_INFORMATION_FORMAT = "dwarf-with-dsym";
				ENABLE_NS_ASSERTIONS = NO;
				ENABLE_STRICT_OBJC_MSGSEND = YES;
				GCC_C_LANGUAGE_STANDARD = gnu11;
				GCC_NO_COMMON_BLOCKS = YES;
				GCC_WARN_64_TO_32_BIT_CONVERSION = YES;
				GCC_WARN_ABOUT_RETURN_TYPE = YES_ERROR;
				GCC_WARN_UNDECLARED_SELECTOR = YES;
				GCC_WARN_UNINITIALIZED_AUTOS = YES_AGGRESSIVE;
				GCC_WARN_UNUSED_FUNCTION = YES;
				GCC_WARN_UNUSED_VARIABLE = YES;
				IPHONEOS_DEPLOYMENT_TARGET = 12.2;
				MTL_ENABLE_DEBUG_INFO = NO;
				MTL_FAST_MATH = YES;
				SDKROOT = iphoneos;
				SWIFT_COMPILATION_MODE = wholemodule;
				SWIFT_OPTIMIZATION_LEVEL = "-O";
				VALIDATE_PRODUCT = YES;
			};
			name = Release;
		};
		59B574C422AD8B6900DC1BB4 /* Debug */ = {
			isa = XCBuildConfiguration;
			baseConfigurationReference = 96AF1BE8CF44E7BD072FA919 /* Pods-MysteryOpera.debug.xcconfig */;
			buildSettings = {
				ASSETCATALOG_COMPILER_APPICON_NAME = AppIcon;
				CODE_SIGN_STYLE = Automatic;
				DEVELOPMENT_TEAM = 96WFXG94ZL;
				INFOPLIST_FILE = "$(SRCROOT)/MysteryOpera/Support Files/Info.plist";
				LD_RUNPATH_SEARCH_PATHS = (
					"$(inherited)",
					"@executable_path/Frameworks",
				);
				PRODUCT_BUNDLE_IDENTIFIER = com.robbeverhoest.MysteryOpera;
				PRODUCT_NAME = "$(TARGET_NAME)";
				SWIFT_VERSION = 5.0;
				TARGETED_DEVICE_FAMILY = 2;
			};
			name = Debug;
		};
		59B574C522AD8B6900DC1BB4 /* Release */ = {
			isa = XCBuildConfiguration;
			baseConfigurationReference = 85C8E60B57A340D9C5497BAD /* Pods-MysteryOpera.release.xcconfig */;
			buildSettings = {
				ASSETCATALOG_COMPILER_APPICON_NAME = AppIcon;
				CODE_SIGN_STYLE = Automatic;
				DEVELOPMENT_TEAM = 96WFXG94ZL;
				INFOPLIST_FILE = "$(SRCROOT)/MysteryOpera/Support Files/Info.plist";
				LD_RUNPATH_SEARCH_PATHS = (
					"$(inherited)",
					"@executable_path/Frameworks",
				);
				PRODUCT_BUNDLE_IDENTIFIER = com.robbeverhoest.MysteryOpera;
				PRODUCT_NAME = "$(TARGET_NAME)";
				SWIFT_VERSION = 5.0;
				TARGETED_DEVICE_FAMILY = 2;
			};
			name = Release;
		};
/* End XCBuildConfiguration section */

/* Begin XCConfigurationList section */
		59B574AC22AD8B6900DC1BB4 /* Build configuration list for PBXProject "MysteryOpera" */ = {
			isa = XCConfigurationList;
			buildConfigurations = (
				59B574C122AD8B6900DC1BB4 /* Debug */,
				59B574C222AD8B6900DC1BB4 /* Release */,
			);
			defaultConfigurationIsVisible = 0;
			defaultConfigurationName = Release;
		};
		59B574C322AD8B6900DC1BB4 /* Build configuration list for PBXNativeTarget "MysteryOpera" */ = {
			isa = XCConfigurationList;
			buildConfigurations = (
				59B574C422AD8B6900DC1BB4 /* Debug */,
				59B574C522AD8B6900DC1BB4 /* Release */,
			);
			defaultConfigurationIsVisible = 0;
			defaultConfigurationName = Release;
		};
/* End XCConfigurationList section */
	};
	rootObject = 59B574A922AD8B6900DC1BB4 /* Project object */;
}
